
Microsoft Visual Studio Solution File, Format Version 12.00
# Visual Studio Version 17
VisualStudioVersion = 17.6.33723.286
MinimumVisualStudioVersion = 10.0.40219.1
Project("{FAE04EC0-301F-11D3-BF4B-00C04F79EFBC}") = "QuizApi", "QuizApi.csproj", "{8B482F18-5F56-407E-8E12-8BD828D603A4}"
	ProjectSection(ProjectDependencies) = postProject
		{24F89351-15BA-4B6C-8BA5-9274ACC31C20} = {24F89351-15BA-4B6C-8BA5-9274ACC31C20}
		{C08014B9-BD53-4A1F-A23B-AF0A555BE4FC} = {C08014B9-BD53-4A1F-A23B-AF0A555BE4FC}
		{D52D3D9C-EF6A-4F47-854E-23C4ACE3F74F} = {D52D3D9C-EF6A-4F47-854E-23C4ACE3F74F}
	EndProjectSection
EndProject
Project("{FAE04EC0-301F-11D3-BF4B-00C04F79EFBC}") = "Entities", "..\Entities\Entities.csproj", "{D52D3D9C-EF6A-4F47-854E-23C4ACE3F74F}"
EndProject
Project("{FAE04EC0-301F-11D3-BF4B-00C04F79EFBC}") = "QuizServices", "..\QuizServices\QuizServices.csproj", "{24F89351-15BA-4B6C-8BA5-9274ACC31C20}"
EndProject
Project("{FAE04EC0-301F-11D3-BF4B-00C04F79EFBC}") = "QuizRepository", "..\QuizRepository\QuizRepository.csproj", "{C08014B9-BD53-4A1F-A23B-AF0A555BE4FC}"
EndProject
Global
	GlobalSection(SolutionConfigurationPlatforms) = preSolution
		Debug|Any CPU = Debug|Any CPU
		Release|Any CPU = Release|Any CPU
	EndGlobalSection
	GlobalSection(ProjectConfigurationPlatforms) = postSolution
		{8B482F18-5F56-407E-8E12-8BD828D603A4}.Debug|Any CPU.ActiveCfg = Debug|Any CPU
		{8B482F18-5F56-407E-8E12-8BD828D603A4}.Debug|Any CPU.Build.0 = Debug|Any CPU
		{8B482F18-5F56-407E-8E12-8BD828D603A4}.Release|Any CPU.ActiveCfg = Release|Any CPU
		{8B482F18-5F56-407E-8E12-8BD828D603A4}.Release|Any CPU.Build.0 = Release|Any CPU
		{D52D3D9C-EF6A-4F47-854E-23C4ACE3F74F}.Debug|Any CPU.ActiveCfg = Debug|Any CPU
		{D52D3D9C-EF6A-4F47-854E-23C4ACE3F74F}.Debug|Any CPU.Build.0 = Debug|Any CPU
		{D52D3D9C-EF6A-4F47-854E-23C4ACE3F74F}.Release|Any CPU.ActiveCfg = Release|Any CPU
		{D52D3D9C-EF6A-4F47-854E-23C4ACE3F74F}.Release|Any CPU.Build.0 = Release|Any CPU
		{24F89351-15BA-4B6C-8BA5-9274ACC31C20}.Debug|Any CPU.ActiveCfg = Debug|Any CPU
		{24F89351-15BA-4B6C-8BA5-9274ACC31C20}.Debug|Any CPU.Build.0 = Debug|Any CPU
		{24F89351-15BA-4B6C-8BA5-9274ACC31C20}.Release|Any CPU.ActiveCfg = Release|Any CPU
		{24F89351-15BA-4B6C-8BA5-9274ACC31C20}.Release|Any CPU.Build.0 = Release|Any CPU
		{C08014B9-BD53-4A1F-A23B-AF0A555BE4FC}.Debug|Any CPU.ActiveCfg = Debug|Any CPU
		{C08014B9-BD53-4A1F-A23B-AF0A555BE4FC}.Debug|Any CPU.Build.0 = Debug|Any CPU
		{C08014B9-BD53-4A1F-A23B-AF0A555BE4FC}.Release|Any CPU.ActiveCfg = Release|Any CPU
		{C08014B9-BD53-4A1F-A23B-AF0A555BE4FC}.Release|Any CPU.Build.0 = Release|Any CPU
	EndGlobalSection
	GlobalSection(SolutionProperties) = preSolution
		HideSolutionNode = FALSE
	EndGlobalSection
	GlobalSection(ExtensibilityGlobals) = postSolution
		SolutionGuid = {79E0B5BD-83BA-48A2-A99E-4267EABB026C}
	EndGlobalSection
EndGlobal
